
Microsoft Visual Studio Solution File, Format Version 12.00
# Visual Studio Version 16
VisualStudioVersion = 16.0.31424.327
MinimumVisualStudioVersion = 10.0.40219.1
Project("{FAE04EC0-301F-11D3-BF4B-00C04F79EFBC}") = "JobsTest", "JobsTest\JobsTest.csproj", "{AD89EC43-45E2-4F97-B77C-A505514B5D69}"
EndProject
Project("{FAE04EC0-301F-11D3-BF4B-00C04F79EFBC}") = "Job.Data", "Job.Data\Job.Data.csproj", "{86B91154-668D-4422-8DCA-C6D480F5EFEC}"
EndProject
Global
	GlobalSection(SolutionConfigurationPlatforms) = preSolution
		Debug|Any CPU = Debug|Any CPU
		Release|Any CPU = Release|Any CPU
	EndGlobalSection
	GlobalSection(ProjectConfigurationPlatforms) = postSolution
		{AD89EC43-45E2-4F97-B77C-A505514B5D69}.Debug|Any CPU.ActiveCfg = Debug|Any CPU
		{AD89EC43-45E2-4F97-B77C-A505514B5D69}.Debug|Any CPU.Build.0 = Debug|Any CPU
		{AD89EC43-45E2-4F97-B77C-A505514B5D69}.Release|Any CPU.ActiveCfg = Release|Any CPU
		{AD89EC43-45E2-4F97-B77C-A505514B5D69}.Release|Any CPU.Build.0 = Release|Any CPU
		{86B91154-668D-4422-8DCA-C6D480F5EFEC}.Debug|Any CPU.ActiveCfg = Debug|Any CPU
		{86B91154-668D-4422-8DCA-C6D480F5EFEC}.Debug|Any CPU.Build.0 = Debug|Any CPU
		{86B91154-668D-4422-8DCA-C6D480F5EFEC}.Release|Any CPU.ActiveCfg = Release|Any CPU
		{86B91154-668D-4422-8DCA-C6D480F5EFEC}.Release|Any CPU.Build.0 = Release|Any CPU
	EndGlobalSection
	GlobalSection(SolutionProperties) = preSolution
		HideSolutionNode = FALSE
	EndGlobalSection
	GlobalSection(ExtensibilityGlobals) = postSolution
		SolutionGuid = {A65101DD-81E2-4C36-902F-1C5F4E74D32A}
	EndGlobalSection
EndGlobal
